// !$*UTF8*$!
{
	archiveVersion = 1;
	classes = {
	};
	objectVersion = 50;
	objects = {

/* Begin PBXBuildFile section */
		D5B23C1226F58858002661AB /* AppDelegate.swift in Sources */ = {isa = PBXBuildFile; fileRef = D5B23C1126F58858002661AB /* AppDelegate.swift */; };
		D5B23C1426F58858002661AB /* SceneDelegate.swift in Sources */ = {isa = PBXBuildFile; fileRef = D5B23C1326F58858002661AB /* SceneDelegate.swift */; };
		D5B23C1626F58858002661AB /* ViewController.swift in Sources */ = {isa = PBXBuildFile; fileRef = D5B23C1526F58858002661AB /* ViewController.swift */; };
		D5B23C1926F58858002661AB /* Main.storyboard in Resources */ = {isa = PBXBuildFile; fileRef = D5B23C1726F58858002661AB /* Main.storyboard */; };
		D5B23C1B26F58858002661AB /* Assets.xcassets in Resources */ = {isa = PBXBuildFile; fileRef = D5B23C1A26F58858002661AB /* Assets.xcassets */; };
		D5B23C1E26F58858002661AB /* LaunchScreen.storyboard in Resources */ = {isa = PBXBuildFile; fileRef = D5B23C1C26F58858002661AB /* LaunchScreen.storyboard */; };
		D5B23C3126F5895F002661AB /* FlickrGridLayout.swift in Sources */ = {isa = PBXBuildFile; fileRef = D5B23C2726F5895F002661AB /* FlickrGridLayout.swift */; };
		D5B23C3226F5895F002661AB /* FlickrGridCollectionCell.swift in Sources */ = {isa = PBXBuildFile; fileRef = D5B23C2826F5895F002661AB /* FlickrGridCollectionCell.swift */; };
		D5B23C3326F5895F002661AB /* FlickrModel.swift in Sources */ = {isa = PBXBuildFile; fileRef = D5B23C2A26F5895F002661AB /* FlickrModel.swift */; };
		D5B23C3426F5895F002661AB /* FlickrGridViewController.swift in Sources */ = {isa = PBXBuildFile; fileRef = D5B23C2C26F5895F002661AB /* FlickrGridViewController.swift */; };
		D5B23C3526F5895F002661AB /* FlickrDetailsViewController.swift in Sources */ = {isa = PBXBuildFile; fileRef = D5B23C2D26F5895F002661AB /* FlickrDetailsViewController.swift */; };
		D5B23C3626F5895F002661AB /* APIConstants.swift in Sources */ = {isa = PBXBuildFile; fileRef = D5B23C2F26F5895F002661AB /* APIConstants.swift */; };
		D5B23C3726F5895F002661AB /* HTMLString.swift in Sources */ = {isa = PBXBuildFile; fileRef = D5B23C3026F5895F002661AB /* HTMLString.swift */; };
/* End PBXBuildFile section */

/* Begin PBXFileReference section */
		D5B23C0E26F58858002661AB /* FlickrApp.app */ = {isa = PBXFileReference; explicitFileType = wrapper.application; includeInIndex = 0; path = FlickrApp.app; sourceTree = BUILT_PRODUCTS_DIR; };
		D5B23C1126F58858002661AB /* AppDelegate.swift */ = {isa = PBXFileReference; lastKnownFileType = sourcecode.swift; path = AppDelegate.swift; sourceTree = "<group>"; };
		D5B23C1326F58858002661AB /* SceneDelegate.swift */ = {isa = PBXFileReference; lastKnownFileType = sourcecode.swift; path = SceneDelegate.swift; sourceTree = "<group>"; };
		D5B23C1526F58858002661AB /* ViewController.swift */ = {isa = PBXFileReference; lastKnownFileType = sourcecode.swift; path = ViewController.swift; sourceTree = "<group>"; };
		D5B23C1826F58858002661AB /* Base */ = {isa = PBXFileReference; lastKnownFileType = file.storyboard; name = Base; path = Base.lproj/Main.storyboard; sourceTree = "<group>"; };
		D5B23C1A26F58858002661AB /* Assets.xcassets */ = {isa = PBXFileReference; lastKnownFileType = folder.assetcatalog; path = Assets.xcassets; sourceTree = "<group>"; };
		D5B23C1D26F58858002661AB /* Base */ = {isa = PBXFileReference; lastKnownFileType = file.storyboard; name = Base; path = Base.lproj/LaunchScreen.storyboard; sourceTree = "<group>"; };
		D5B23C1F26F58858002661AB /* Info.plist */ = {isa = PBXFileReference; lastKnownFileType = text.plist.xml; path = Info.plist; sourceTree = "<group>"; };
		D5B23C2726F5895F002661AB /* FlickrGridLayout.swift */ = {isa = PBXFileReference; fileEncoding = 4; lastKnownFileType = sourcecode.swift; path = FlickrGridLayout.swift; sourceTree = "<group>"; };
		D5B23C2826F5895F002661AB /* FlickrGridCollectionCell.swift */ = {isa = PBXFileReference; fileEncoding = 4; lastKnownFileType = sourcecode.swift; path = FlickrGridCollectionCell.swift; sourceTree = "<group>"; };
		D5B23C2A26F5895F002661AB /* FlickrModel.swift */ = {isa = PBXFileReference; fileEncoding = 4; lastKnownFileType = sourcecode.swift; path = FlickrModel.swift; sourceTree = "<group>"; };
		D5B23C2C26F5895F002661AB /* FlickrGridViewController.swift */ = {isa = PBXFileReference; fileEncoding = 4; lastKnownFileType = sourcecode.swift; path = FlickrGridViewController.swift; sourceTree = "<group>"; };
		D5B23C2D26F5895F002661AB /* FlickrDetailsViewController.swift */ = {isa = PBXFileReference; fileEncoding = 4; lastKnownFileType = sourcecode.swift; path = FlickrDetailsViewController.swift; sourceTree = "<group>"; };
		D5B23C2F26F5895F002661AB /* APIConstants.swift */ = {isa = PBXFileReference; fileEncoding = 4; lastKnownFileType = sourcecode.swift; path = APIConstants.swift; sourceTree = "<group>"; };
		D5B23C3026F5895F002661AB /* HTMLString.swift */ = {isa = PBXFileReference; fileEncoding = 4; lastKnownFileType = sourcecode.swift; path = HTMLString.swift; sourceTree = "<group>"; };
/* End PBXFileReference section */

/* Begin PBXFrameworksBuildPhase section */
		D5B23C0B26F58858002661AB /* Frameworks */ = {
			isa = PBXFrameworksBuildPhase;
			buildActionMask = 2147483647;
			files = (
			);
			runOnlyForDeploymentPostprocessing = 0;
		};
/* End PBXFrameworksBuildPhase section */

/* Begin PBXGroup section */
		D5B23C0526F58858002661AB = {
			isa = PBXGroup;
			children = (
				D5B23C1026F58858002661AB /* FlickrApp */,
				D5B23C0F26F58858002661AB /* Products */,
			);
			sourceTree = "<group>";
		};
		D5B23C0F26F58858002661AB /* Products */ = {
			isa = PBXGroup;
			children = (
				D5B23C0E26F58858002661AB /* FlickrApp.app */,
			);
			name = Products;
			sourceTree = "<group>";
		};
		D5B23C1026F58858002661AB /* FlickrApp */ = {
			isa = PBXGroup;
			children = (
				D5B23C1126F58858002661AB /* AppDelegate.swift */,
				D5B23C1326F58858002661AB /* SceneDelegate.swift */,
				D5B23C1526F58858002661AB /* ViewController.swift */,
				D5B23C2E26F5895F002661AB /* Common */,
				D5B23C2B26F5895F002661AB /* Controllers */,
				D5B23C2926F5895F002661AB /* Models */,
				D5B23C2626F5895F002661AB /* View */,
				D5B23C1726F58858002661AB /* Main.storyboard */,
				D5B23C1A26F58858002661AB /* Assets.xcassets */,
				D5B23C1C26F58858002661AB /* LaunchScreen.storyboard */,
				D5B23C1F26F58858002661AB /* Info.plist */,
			);
			path = FlickrApp;
			sourceTree = "<group>";
		};
		D5B23C2626F5895F002661AB /* View */ = {
			isa = PBXGroup;
			children = (
				D5B23C2726F5895F002661AB /* FlickrGridLayout.swift */,
				D5B23C2826F5895F002661AB /* FlickrGridCollectionCell.swift */,
			);
			path = View;
			sourceTree = "<group>";
		};
		D5B23C2926F5895F002661AB /* Models */ = {
			isa = PBXGroup;
			children = (
				D5B23C2A26F5895F002661AB /* FlickrModel.swift */,
			);
			path = Models;
			sourceTree = "<group>";
		};
		D5B23C2B26F5895F002661AB /* Controllers */ = {
			isa = PBXGroup;
			children = (
				D5B23C2C26F5895F002661AB /* FlickrGridViewController.swift */,
				D5B23C2D26F5895F002661AB /* FlickrDetailsViewController.swift */,
			);
			path = Controllers;
			sourceTree = "<group>";
		};
		D5B23C2E26F5895F002661AB /* Common */ = {
			isa = PBXGroup;
			children = (
				D5B23C2F26F5895F002661AB /* APIConstants.swift */,
				D5B23C3026F5895F002661AB /* HTMLString.swift */,
			);
			name = Common;
			path = ../../../Desktop/FlickrApp/FlickrApp/Common;
			sourceTree = "<group>";
		};
/* End PBXGroup section */

/* Begin PBXNativeTarget section */
		D5B23C0D26F58858002661AB /* FlickrApp */ = {
			isa = PBXNativeTarget;
			buildConfigurationList = D5B23C2226F58858002661AB /* Build configuration list for PBXNativeTarget "FlickrApp" */;
			buildPhases = (
				D5B23C0A26F58858002661AB /* Sources */,
				D5B23C0B26F58858002661AB /* Frameworks */,
				D5B23C0C26F58858002661AB /* Resources */,
			);
			buildRules = (
			);
			dependencies = (
			);
			name = FlickrApp;
			productName = FlickrApp;
			productReference = D5B23C0E26F58858002661AB /* FlickrApp.app */;
			productType = "com.apple.product-type.application";
		};
/* End PBXNativeTarget section */

/* Begin PBXProject section */
		D5B23C0626F58858002661AB /* Project object */ = {
			isa = PBXProject;
			attributes = {
				LastSwiftUpdateCheck = 1200;
				LastUpgradeCheck = 1200;
				TargetAttributes = {
					D5B23C0D26F58858002661AB = {
						CreatedOnToolsVersion = 12.0;
					};
				};
			};
			buildConfigurationList = D5B23C0926F58858002661AB /* Build configuration list for PBXProject "FlickrApp" */;
			compatibilityVersion = "Xcode 9.3";
			developmentRegion = en;
			hasScannedForEncodings = 0;
			knownRegions = (
				en,
				Base,
			);
			mainGroup = D5B23C0526F58858002661AB;
			productRefGroup = D5B23C0F26F58858002661AB /* Products */;
			projectDirPath = "";
			projectRoot = "";
			targets = (
				D5B23C0D26F58858002661AB /* FlickrApp */,
			);
		};
/* End PBXProject section */

/* Begin PBXResourcesBuildPhase section */
		D5B23C0C26F58858002661AB /* Resources */ = {
			isa = PBXResourcesBuildPhase;
			buildActionMask = 2147483647;
			files = (
				D5B23C1E26F58858002661AB /* LaunchScreen.storyboard in Resources */,
				D5B23C1B26F58858002661AB /* Assets.xcassets in Resources */,
				D5B23C1926F58858002661AB /* Main.storyboard in Resources */,
			);
			runOnlyForDeploymentPostprocessing = 0;
		};
/* End PBXResourcesBuildPhase section */

/* Begin PBXSourcesBuildPhase section */
		D5B23C0A26F58858002661AB /* Sources */ = {
			isa = PBXSourcesBuildPhase;
			buildActionMask = 2147483647;
			files = (
				D5B23C3326F5895F002661AB /* FlickrModel.swift in Sources */,
				D5B23C3426F5895F002661AB /* FlickrGridViewController.swift in Sources */,
				D5B23C3126F5895F002661AB /* FlickrGridLayout.swift in Sources */,
				D5B23C1626F58858002661AB /* ViewController.swift in Sources */,
				D5B23C3526F5895F002661AB /* FlickrDetailsViewController.swift in Sources */,
				D5B23C3626F5895F002661AB /* APIConstants.swift in Sources */,
				D5B23C1226F58858002661AB /* AppDelegate.swift in Sources */,
				D5B23C3726F5895F002661AB /* HTMLString.swift in Sources */,
				D5B23C3226F5895F002661AB /* FlickrGridCollectionCell.swift in Sources */,
				D5B23C1426F58858002661AB /* SceneDelegate.swift in Sources */,
			);
			runOnlyForDeploymentPostprocessing = 0;
		};
/* End PBXSourcesBuildPhase section */

/* Begin PBXVariantGroup section */
		D5B23C1726F58858002661AB /* Main.storyboard */ = {
			isa = PBXVariantGroup;
			children = (
				D5B23C1826F58858002661AB /* Base */,
			);
			name = Main.storyboard;
			sourceTree = "<group>";
		};
		D5B23C1C26F58858002661AB /* LaunchScreen.storyboard */ = {
			isa = PBXVariantGroup;
			children = (
				D5B23C1D26F58858002661AB /* Base */,
			);
			name = LaunchScreen.storyboard;
			sourceTree = "<group>";
		};
/* End PBXVariantGroup section */

/* Begin XCBuildConfiguration section */
		D5B23C2026F58858002661AB /* Debug */ = {
			isa = XCBuildConfiguration;
			buildSettings = {
				ALWAYS_SEARCH_USER_PATHS = NO;
				CLANG_ANALYZER_NONNULL = YES;
				CLANG_ANALYZER_NUMBER_OBJECT_CONVERSION = YES_AGGRESSIVE;
				CLANG_CXX_LANGUAGE_STANDARD = "gnu++14";
				CLANG_CXX_LIBRARY = "libc++";
				CLANG_ENABLE_MODULES = YES;
				CLANG_ENABLE_OBJC_ARC = YES;
				CLANG_ENABLE_OBJC_WEAK = YES;
				CLANG_WARN_BLOCK_CAPTURE_AUTORELEASING = YES;
				CLANG_WARN_BOOL_CONVERSION = YES;
				CLANG_WARN_COMMA = YES;
				CLANG_WARN_CONSTANT_CONVERSION = YES;
				CLANG_WARN_DEPRECATED_OBJC_IMPLEMENTATIONS = YES;
				CLANG_WARN_DIRECT_OBJC_ISA_USAGE = YES_ERROR;
				CLANG_WARN_DOCUMENTATION_COMMENTS = YES;
				CLANG_WARN_EMPTY_BODY = YES;
				CLANG_WARN_ENUM_CONVERSION = YES;
				CLANG_WARN_INFINITE_RECURSION = YES;
				CLANG_WARN_INT_CONVERSION = YES;
				CLANG_WARN_NON_LITERAL_NULL_CONVERSION = YES;
				CLANG_WARN_OBJC_IMPLICIT_RETAIN_SELF = YES;
				CLANG_WARN_OBJC_LITERAL_CONVERSION = YES;
				CLANG_WARN_OBJC_ROOT_CLASS = YES_ERROR;
				CLANG_WARN_QUOTED_INCLUDE_IN_FRAMEWORK_HEADER = YES;
				CLANG_WARN_RANGE_LOOP_ANALYSIS = YES;
				CLANG_WARN_STRICT_PROTOTYPES = YES;
				CLANG_WARN_SUSPICIOUS_MOVE = YES;
				CLANG_WARN_UNGUARDED_AVAILABILITY = YES_AGGRESSIVE;
				CLANG_WARN_UNREACHABLE_CODE = YES;
				CLANG_WARN__DUPLICATE_METHOD_MATCH = YES;
				COPY_PHASE_STRIP = NO;
				DEBUG_INFORMATION_FORMAT = dwarf;
				ENABLE_STRICT_OBJC_MSGSEND = YES;
				ENABLE_TESTABILITY = YES;
				GCC_C_LANGUAGE_STANDARD = gnu11;
				GCC_DYNAMIC_NO_PIC = NO;
				GCC_NO_COMMON_BLOCKS = YES;
				GCC_OPTIMIZATION_LEVEL = 0;
				GCC_PREPROCESSOR_DEFINITIONS = (
					"DEBUG=1",
					"$(inherited)",
				);
				GCC_WARN_64_TO_32_BIT_CONVERSION = YES;
				GCC_WARN_ABOUT_RETURN_TYPE = YES_ERROR;
				GCC_WARN_UNDECLARED_SELECTOR = YES;
				GCC_WARN_UNINITIALIZED_AUTOS = YES_AGGRESSIVE;
				GCC_WARN_UNUSED_FUNCTION = YES;
				GCC_WARN_UNUSED_VARIABLE = YES;
				IPHONEOS_DEPLOYMENT_TARGET = 14.0;
				MTL_ENABLE_DEBUG_INFO = INCLUDE_SOURCE;
				MTL_FAST_MATH = YES;
				ONLY_ACTIVE_ARCH = YES;
				SDKROOT = iphoneos;
				SWIFT_ACTIVE_COMPILATION_CONDITIONS = DEBUG;
				SWIFT_OPTIMIZATION_LEVEL = "-Onone";
			};
			name = Debug;
		};
		D5B23C2126F58858002661AB /* Release */ = {
			isa = XCBuildConfiguration;
			buildSettings = {
				ALWAYS_SEARCH_USER_PATHS = NO;
				CLANG_ANALYZER_NONNULL = YES;
				CLANG_ANALYZER_NUMBER_OBJECT_CONVERSION = YES_AGGRESSIVE;
				CLANG_CXX_LANGUAGE_STANDARD = "gnu++14";
				CLANG_CXX_LIBRARY = "libc++";
				CLANG_ENABLE_MODULES = YES;
				CLANG_ENABLE_OBJC_ARC = YES;
				CLANG_ENABLE_OBJC_WEAK = YES;
				CLANG_WARN_BLOCK_CAPTURE_AUTORELEASING = YES;
				CLANG_WARN_BOOL_CONVERSION = YES;
				CLANG_WARN_COMMA = YES;
				CLANG_WARN_CONSTANT_CONVERSION = YES;
				CLANG_WARN_DEPRECATED_OBJC_IMPLEMENTATIONS = YES;
				CLANG_WARN_DIRECT_OBJC_ISA_USAGE = YES_ERROR;
				CLANG_WARN_DOCUMENTATION_COMMENTS = YES;
				CLANG_WARN_EMPTY_BODY = YES;
				CLANG_WARN_ENUM_CONVERSION = YES;
				CLANG_WARN_INFINITE_RECURSION = YES;
				CLANG_WARN_INT_CONVERSION = YES;
				CLANG_WARN_NON_LITERAL_NULL_CONVERSION = YES;
				CLANG_WARN_OBJC_IMPLICIT_RETAIN_SELF = YES;
				CLANG_WARN_OBJC_LITERAL_CONVERSION = YES;
				CLANG_WARN_OBJC_ROOT_CLASS = YES_ERROR;
				CLANG_WARN_QUOTED_INCLUDE_IN_FRAMEWORK_HEADER = YES;
				CLANG_WARN_RANGE_LOOP_ANALYSIS = YES;
				CLANG_WARN_STRICT_PROTOTYPES = YES;
				CLANG_WARN_SUSPICIOUS_MOVE = YES;
				CLANG_WARN_UNGUARDED_AVAILABILITY = YES_AGGRESSIVE;
				CLANG_WARN_UNREACHABLE_CODE = YES;
				CLANG_WARN__DUPLICATE_METHOD_MATCH = YES;
				COPY_PHASE_STRIP = NO;
				DEBUG_INFORMATION_FORMAT = "dwarf-with-dsym";
				ENABLE_NS_ASSERTIONS = NO;
				ENABLE_STRICT_OBJC_MSGSEND = YES;
				GCC_C_LANGUAGE_STANDARD = gnu11;
				GCC_NO_COMMON_BLOCKS = YES;
				GCC_WARN_64_TO_32_BIT_CONVERSION = YES;
				GCC_WARN_ABOUT_RETURN_TYPE = YES_ERROR;
				GCC_WARN_UNDECLARED_SELECTOR = YES;
				GCC_WARN_UNINITIALIZED_AUTOS = YES_AGGRESSIVE;
				GCC_WARN_UNUSED_FUNCTION = YES;
				GCC_WARN_UNUSED_VARIABLE = YES;
				IPHONEOS_DEPLOYMENT_TARGET = 14.0;
				MTL_ENABLE_DEBUG_INFO = NO;
				MTL_FAST_MATH = YES;
				SDKROOT = iphoneos;
				SWIFT_COMPILATION_MODE = wholemodule;
				SWIFT_OPTIMIZATION_LEVEL = "-O";
				VALIDATE_PRODUCT = YES;
			};
			name = Release;
		};
		D5B23C2326F58858002661AB /* Debug */ = {
			isa = XCBuildConfiguration;
			buildSettings = {
				ASSETCATALOG_COMPILER_APPICON_NAME = AppIcon;
				ASSETCATALOG_COMPILER_GLOBAL_ACCENT_COLOR_NAME = AccentColor;
				CODE_SIGN_STYLE = Automatic;
				DEVELOPMENT_TEAM = KD562DH8X6;
				INFOPLIST_FILE = FlickrApp/Info.plist;
				LD_RUNPATH_SEARCH_PATHS = (
					"$(inherited)",
					"@executable_path/Frameworks",
				);
				PRODUCT_BUNDLE_IDENTIFIER = com.venkatesh.test.FlickrApp;
				PRODUCT_NAME = "$(TARGET_NAME)";
				SWIFT_VERSION = 5.0;
				TARGETED_DEVICE_FAMILY = "1,2";
			};
			name = Debug;
		};
		D5B23C2426F58858002661AB /* Release */ = {
			isa = XCBuildConfiguration;
			buildSettings = {
				ASSETCATALOG_COMPILER_APPICON_NAME = AppIcon;
				ASSETCATALOG_COMPILER_GLOBAL_ACCENT_COLOR_NAME = AccentColor;
				CODE_SIGN_STYLE = Automatic;
				DEVELOPMENT_TEAM = KD562DH8X6;
				INFOPLIST_FILE = FlickrApp/Info.plist;
				LD_RUNPATH_SEARCH_PATHS = (
					"$(inherited)",
					"@executable_path/Frameworks",
				);
				PRODUCT_BUNDLE_IDENTIFIER = com.venkatesh.test.FlickrApp;
				PRODUCT_NAME = "$(TARGET_NAME)";
				SWIFT_VERSION = 5.0;
				TARGETED_DEVICE_FAMILY = "1,2";
			};
			name = Release;
		};
/* End XCBuildConfiguration section */

/* Begin XCConfigurationList section */
		D5B23C0926F58858002661AB /* Build configuration list for PBXProject "FlickrApp" */ = {
			isa = XCConfigurationList;
			buildConfigurations = (
				D5B23C2026F58858002661AB /* Debug */,
				D5B23C2126F58858002661AB /* Release */,
			);
			defaultConfigurationIsVisible = 0;
			defaultConfigurationName = Release;
		};
		D5B23C2226F58858002661AB /* Build configuration list for PBXNativeTarget "FlickrApp" */ = {
			isa = XCConfigurationList;
			buildConfigurations = (
				D5B23C2326F58858002661AB /* Debug */,
				D5B23C2426F58858002661AB /* Release */,
			);
			defaultConfigurationIsVisible = 0;
			defaultConfigurationName = Release;
		};
/* End XCConfigurationList section */
	};
	rootObject = D5B23C0626F58858002661AB /* Project object */;
}
